
Microsoft Visual Studio Solution File, Format Version 12.00
# Visual Studio Version 16
VisualStudioVersion = 16.0.30225.117
MinimumVisualStudioVersion = 10.0.40219.1
Project("{FAE04EC0-301F-11D3-BF4B-00C04F79EFBC}") = "AbstractClass", "AbstractClass\AbstractClass.csproj", "{B10A152E-5B5C-4B0B-9D32-E1BD23FD5394}"
EndProject
Global
	GlobalSection(SolutionConfigurationPlatforms) = preSolution
		Debug|Any CPU = Debug|Any CPU
		Release|Any CPU = Release|Any CPU
	EndGlobalSection
	GlobalSection(ProjectConfigurationPlatforms) = postSolution
		{B10A152E-5B5C-4B0B-9D32-E1BD23FD5394}.Debug|Any CPU.ActiveCfg = Debug|Any CPU
		{B10A152E-5B5C-4B0B-9D32-E1BD23FD5394}.Debug|Any CPU.Build.0 = Debug|Any CPU
		{B10A152E-5B5C-4B0B-9D32-E1BD23FD5394}.Release|Any CPU.ActiveCfg = Release|Any CPU
		{B10A152E-5B5C-4B0B-9D32-E1BD23FD5394}.Release|Any CPU.Build.0 = Release|Any CPU
	EndGlobalSection
	GlobalSection(SolutionProperties) = preSolution
		HideSolutionNode = FALSE
	EndGlobalSection
	GlobalSection(ExtensibilityGlobals) = postSolution
		SolutionGuid = {44A17E9A-C14D-4357-91D8-4E2F23A007BA}
	EndGlobalSection
EndGlobal
